
Microsoft Visual Studio Solution File, Format Version 12.00
# Visual Studio Version 17
VisualStudioVersion = 17.5.002.0
MinimumVisualStudioVersion = 10.0.40219.1
Project("{9A19103F-16F7-4668-BE54-9A1E7A4F7556}") = "DesafioPOO", "DesafioPOO.csproj", "{396DCDED-7B33-4850-A14F-70721AF5A757}"
EndProject
Global
	GlobalSection(SolutionConfigurationPlatforms) = preSolution
		Debug|Any CPU = Debug|Any CPU
		Release|Any CPU = Release|Any CPU
	EndGlobalSection
	GlobalSection(ProjectConfigurationPlatforms) = postSolution
		{396DCDED-7B33-4850-A14F-70721AF5A757}.Debug|Any CPU.ActiveCfg = Debug|Any CPU
		{396DCDED-7B33-4850-A14F-70721AF5A757}.Debug|Any CPU.Build.0 = Debug|Any CPU
		{396DCDED-7B33-4850-A14F-70721AF5A757}.Release|Any CPU.ActiveCfg = Release|Any CPU
		{396DCDED-7B33-4850-A14F-70721AF5A757}.Release|Any CPU.Build.0 = Release|Any CPU
	EndGlobalSection
	GlobalSection(SolutionProperties) = preSolution
		HideSolutionNode = FALSE
	EndGlobalSection
	GlobalSection(ExtensibilityGlobals) = postSolution
		SolutionGuid = {94DEA2F7-2D42-47FB-9EC9-D03BFCA3C844}
	EndGlobalSection
EndGlobal
